{
  "name": "studyforge-dsh",
  "version": "0.0.0",
  "lockfileVersion": 3,
  "requires": true,
  "packages": {
    "": {
      "name": "studyforge-dsh",
      "version": "0.0.0",
      "license": "UNLICENSED",
      "devDependencies": {
        "@deepseek-ai/dsh-api-remotes": "0.1.5-rc.2",
        "@deepseek-ai/dsh-app-boot": "0.1.5-rc.2",
        "@deepseek-ai/dsh-client-modules": "0.1.5-rc.2",
        "@deepseek-ai/dsh-client-ui-sidebar": "0.1.5-rc.2",
        "@deepseek-ai/dsh-client-ui-sidebar-documentpreview": "0.1.5-rc.2",
        "@deepseek-ai/dsh-host-webserver": "0.1.5-rc.2",
        "@deepseek-ai/dsh-typert-generator": "0.1.5-rc.2",
        "typescript": "6.0.3"
      },
      "engines": {
        "node": ">=24.0.0"
      }
    },
    "node_modules/@deepseek-ai/cordis": {
      "version": "4.0.2",
      "resolved": "https://registry.npmjs.org/@deepseek-ai/cordis/-/cordis-4.0.2.tgz",
      "integrity": "sha512-asOnXP1TzFSFQlHb1iegDZp0z/8WD1c7YNrwJR/Tx2bzNuMXfcekE/I67Iv6SQXeLB4csxqCngzQKANP7gdw0g==",
      "dev": true,
      "license": "MIT",
      "peer": true,
      "dependencies": {
        "@deepseek-ai/cosmokit": "^1.8.3",
        "@standard-schema/spec": "^1.1.0"
      },
      "bin": {
        "cordis": "bin.js"
      },
      "peerDependencies": {
        "@deepseek-ai/cordis-plugin-include": "^1.0.7",
        "@deepseek-ai/cordis-plugin-loader": "^1.0.3"
      },
      "peerDependenciesMeta": {
        "@deepseek-ai/cordis-plugin-include": {
          "optional": true
        },
        "@deepseek-ai/cordis-plugin-loader": {
          "optional": true
        }
      }
    },
    "node_modules/@deepseek-ai/cordis-plugin-group": {
      "version": "1.0.2",
      "resolved": "https://registry.npmjs.org/@deepseek-ai/cordis-plugin-group/-/cordis-plugin-group-1.0.2.tgz",
      "integrity": "sha512-OeGiPD793Mhma9+rGIox95neuufwOFTqQ5jooFgrMK/Mn7Fp7Hkv/d7VKMXZz40iks2fZCbiFE6p9WjTVTQRdg==",
      "dev": true,
      "license": "MIT",
      "peer": true,
      "peerDependencies": {
        "@deepseek-ai/cordis": "^4.0.2",
        "@deepseek-ai/cordis-plugin-loader": "^1.0.3"
      }
    },
    "node_modules/@deepseek-ai/cordis-plugin-include": {
      "version": "1.0.7",
      "resolved": "https://registry.npmjs.org/@deepseek-ai/cordis-plugin-include/-/cordis-plugin-include-1.0.7.tgz",
      "integrity": "sha512-bZ4S1YuOmwOeE97HnslQ6ggVQbaWz4GejJ8OcY4P/DIyc1Qhu/3Szt1XSw6c/pd37kRkxxJXGwt4cmCxWSBBuw==",
      "dev": true,
      "license": "MIT",
      "peer": true,
      "dependencies": {
        "@deepseek-ai/cosmokit": "^1.8.3",
        "js-yaml": "^4.1.0"
      },
      "peerDependencies": {
        "@deepseek-ai/cordis": "^4.0.2",
        "@deepseek-ai/cordis-plugin-loader": "^1.0.3"
      }
    },
    "node_modules/@deepseek-ai/cordis-plugin-loader": {
      "version": "1.0.3",
      "resolved": "https://registry.npmjs.org/@deepseek-ai/cordis-plugin-loader/-/cordis-plugin-loader-1.0.3.tgz",
      "integrity": "sha512-YNcHiH7TRFrgnRbQU7qdS1spABUFFHg04QpB9DdboPEjgKLTFfeEAvr6Y7qll3/nGgqywDQdk1tYshqKO0p1WQ==",
      "dev": true,
      "license": "MIT",
      "peer": true,
      "dependencies": {
        "@deepseek-ai/cosmokit": "^1.8.3"
      },
      "peerDependencies": {
        "@deepseek-ai/cordis": "^4.0.2",
        "node-addon-require-builtin": "^0.1.4"
      },
      "peerDependenciesMeta": {
        "node-addon-require-builtin": {
          "optional": true
        }
      }
    },
    "node_modules/@deepseek-ai/cosmokit": {
      "version": "1.8.3",
      "resolved": "https://registry.npmjs.org/@deepseek-ai/cosmokit/-/cosmokit-1.8.3.tgz",
      "integrity": "sha512-qBo+ronVM6Eu2WNVJXi8JcMiqZ19T9BRIpV+5qJUFPXjGH/Z0QKcQMC/IZJ7L394YTOtJgcovbk9qP0w2GsBXQ==",
      "dev": true,
      "license": "MIT"
    },
    "node_modules/@deepseek-ai/dsh-api-remotes": {
      "version": "0.1.5-rc.2",
      "resolved": "https://registry.npmjs.org/@deepseek-ai/dsh-api-remotes/-/dsh-api-remotes-0.1.5-rc.2.tgz",
      "integrity": "sha512-O8t/aJiHatgzlQIgXx6xdmpy+iAXJ/Zab1xMHIx7Noo6mzSYUIxwfJkoYgPv9G0Yfx06FPoRTUtLiZ8IADqUOA==",
      "dev": true,
      "license": "MIT",
      "dependencies": {
        "@deepseek-ai/dsh-deque": "^0.1.5-rc.2",
        "@deepseek-ai/dsh-session": "^0.1.5-rc.2",
        "@deepseek-ai/dsh-util-values": "^0.1.5-rc.2"
      },
      "peerDependencies": {
        "@deepseek-ai/cordis": "^4.0.2",
        "@deepseek-ai/dsh-scope": "^0.1.5-rc.2"
      }
    },
    "node_modules/@deepseek-ai/dsh-app-boot": {
      "version": "0.1.5-rc.2",
      "resolved": "https://registry.npmjs.org/@deepseek-ai/dsh-app-boot/-/dsh-app-boot-0.1.5-rc.2.tgz",
      "integrity": "sha512-beM+ULhjr2mGoyrWta3F6HOQ9OD+i5tKG8BU0RtgVGmXDjA57cVEAiEkkgPLMTxbbzU+xsFP61I5SApna4Cz5A==",
      "dev": true,
      "license": "MIT",
      "dependencies": {
        "@deepseek-ai/dsh-atomic-write": "^0.1.5-rc.2",
        "@deepseek-ai/dsh-package-manifest": "^0.1.5-rc.2",
        "js-yaml": "^4.2.0",
        "resolve.exports": "^2.0.3"
      },
      "peerDependencies": {
        "@deepseek-ai/cordis": "^4.0.2",
        "@deepseek-ai/cordis-plugin-group": "^1.0.2",
        "@deepseek-ai/cordis-plugin-hmr": "^1.0.17",
        "@deepseek-ai/cordis-plugin-include": "^1.0.7",
        "@deepseek-ai/cordis-plugin-loader": "^1.0.3",
        "@deepseek-ai/dsh-home-paths": "^0.1.5-rc.2",
        "@deepseek-ai/dsh-launch-environment": "^0.1.5-rc.2",
        "@deepseek-ai/dsh-system-prompt": "^0.1.5-rc.2"
      },
      "peerDependenciesMeta": {
        "@deepseek-ai/cordis-plugin-hmr": {
          "optional": true
        }
      }
    },
    "node_modules/@deepseek-ai/dsh-atomic-write": {
      "version": "0.1.5-rc.2",
      "resolved": "https://registry.npmjs.org/@deepseek-ai/dsh-atomic-write/-/dsh-atomic-write-0.1.5-rc.2.tgz",
      "integrity": "sha512-9bCOLkug83IGuoEBPHUxgfJ/IxsHg/UigGi8Oj0agibcGVq2WdL/fbU8KA3KU5H49KDOxq2/AA3XUI3RiAEtYA==",
      "dev": true,
      "license": "MIT",
      "peerDependencies": {
        "@deepseek-ai/cordis": "^4.0.2"
      }
    },
    "node_modules/@deepseek-ai/dsh-brand": {
      "version": "0.1.5-rc.2",
      "resolved": "https://registry.npmjs.org/@deepseek-ai/dsh-brand/-/dsh-brand-0.1.5-rc.2.tgz",
      "integrity": "sha512-/+3TzQRYT4M8NINZ9OrsL5VWNyQSXof8mFLx3txiosWA7Bt0H6UcxUdKGXVwj6gCXhsQ74mzEHm2ucsflG0mYA==",
      "dev": true,
      "license": "MIT",
      "peerDependencies": {
        "@deepseek-ai/cordis": "^4.0.2"
      }
    },
    "node_modules/@deepseek-ai/dsh-client-modules": {
      "version": "0.1.5-rc.2",
      "resolved": "https://registry.npmjs.org/@deepseek-ai/dsh-client-modules/-/dsh-client-modules-0.1.5-rc.2.tgz",
      "integrity": "sha512-034DxLlGvX4GgkqqFN2SGcQx8hKdicj5IrgENclBXXbyMDlpF9xADiWi5DxPms+iOBcL/5LLe84q/GCTWOrA2g==",
      "dev": true,
      "license": "MIT",
      "peerDependencies": {
        "@deepseek-ai/cordis": "^4.0.2"
      }
    },
    "node_modules/@deepseek-ai/dsh-client-ui-sidebar": {
      "version": "0.1.5-rc.2",
      "resolved": "https://registry.npmjs.org/@deepseek-ai/dsh-client-ui-sidebar/-/dsh-client-ui-sidebar-0.1.5-rc.2.tgz",
      "integrity": "sha512-52PGlC4e9zkD6MQOjDo2TakxsWi4f5QigmdNsHluhDMBUfwMYl8ppWGD3uuHyAkK95yh0D1eKI5UPdQ5kikn+A==",
      "dev": true,
      "license": "MIT",
      "peerDependencies": {
        "@deepseek-ai/cordis": "^4.0.2"
      }
    },
    "node_modules/@deepseek-ai/dsh-client-ui-sidebar-documentpreview": {
      "version": "0.1.5-rc.2",
      "resolved": "https://registry.npmjs.org/@deepseek-ai/dsh-client-ui-sidebar-documentpreview/-/dsh-client-ui-sidebar-documentpreview-0.1.5-rc.2.tgz",
      "integrity": "sha512-HeaqHwOyCg6/3ppFP7///G8C4vmVrhRBP8R0w31PLWIv9dcpnULKuFLFO7UemeBsi8K7uQ5zwN7V25DoT05X7w==",
      "dev": true,
      "license": "MIT",
      "peerDependencies": {
        "@deepseek-ai/cordis": "^4.0.2"
      }
    },
    "node_modules/@deepseek-ai/dsh-deque": {
      "version": "0.1.5-rc.2",
      "resolved": "https://registry.npmjs.org/@deepseek-ai/dsh-deque/-/dsh-deque-0.1.5-rc.2.tgz",
      "integrity": "sha512-j1dINwK5XU8f+GPdzx22o2GvsAEhCvnLxqZfEqaLGYImbvdLkToVuU7M2nVcNSU+B7v+kl39lWf3E5u6tzG8RQ==",
      "dev": true,
      "license": "MIT",
      "peerDependencies": {
        "@deepseek-ai/cordis": "^4.0.2"
      }
    },
    "node_modules/@deepseek-ai/dsh-home-paths": {
      "version": "0.1.5-rc.2",
      "resolved": "https://registry.npmjs.org/@deepseek-ai/dsh-home-paths/-/dsh-home-paths-0.1.5-rc.2.tgz",
      "integrity": "sha512-Ek+DH9+MTiulfWDMKo5r335k4I9XIItk+jq8YaPihpK3klSeiKLW/SpKJhFodRnW1CwEyjIlt2XriycRvceIiw==",
      "dev": true,
      "license": "MIT",
      "peer": true,
      "peerDependencies": {
        "@deepseek-ai/cordis": "^4.0.2"
      }
    },
    "node_modules/@deepseek-ai/dsh-host-webserver": {
      "version": "0.1.5-rc.2",
      "resolved": "https://registry.npmjs.org/@deepseek-ai/dsh-host-webserver/-/dsh-host-webserver-0.1.5-rc.2.tgz",
      "integrity": "sha512-lFgGm9wDrHiTBANzsdoWzdfPSjWYuDFwCoNQ4Uko57Fo5XASL2unfRHGm1xZ828rwEYuGwRvJHMOuoP/17VmlA==",
      "dev": true,
      "license": "MIT",
      "dependencies": {
        "@deepseek-ai/schemastery": "^3.18.2",
        "compression": "^1.8.1",
        "negotiator": "^1.0.0"
      },
      "peerDependencies": {
        "@deepseek-ai/cordis": "^4.0.2"
      }
    },
    "node_modules/@deepseek-ai/dsh-invariants": {
      "version": "0.1.5-rc.2",
      "resolved": "https://registry.npmjs.org/@deepseek-ai/dsh-invariants/-/dsh-invariants-0.1.5-rc.2.tgz",
      "integrity": "sha512-oUxttB2yjAgkk47AiXOCxk9GwnfGvIEGsQfnMD7fukwIdD3KLJObU7+nz63tbFN80rjwMI8rg+p9QBQ10KU5+g==",
      "dev": true,
      "license": "MIT",
      "dependencies": {
        "@deepseek-ai/schemastery": "^3.18.2"
      },
      "peerDependencies": {
        "@deepseek-ai/cordis": "^4.0.2"
      }
    },
    "node_modules/@deepseek-ai/dsh-launch-environment": {
      "version": "0.1.5-rc.2",
      "resolved": "https://registry.npmjs.org/@deepseek-ai/dsh-launch-environment/-/dsh-launch-environment-0.1.5-rc.2.tgz",
      "integrity": "sha512-Cr35kPA3W7skJsPLJhUExLDAjVKCmvJgkog0m8EZ+XdK8RlBDsWiH2peRWFtFOjt8QOOeEkupPs1VDpWORIRyw==",
      "dev": true,
      "license": "MIT",
      "peer": true,
      "peerDependencies": {
        "@deepseek-ai/cordis": "^4.0.2"
      }
    },
    "node_modules/@deepseek-ai/dsh-llm": {
      "version": "0.1.5-rc.2",
      "resolved": "https://registry.npmjs.org/@deepseek-ai/dsh-llm/-/dsh-llm-0.1.5-rc.2.tgz",
      "integrity": "sha512-Z7BVsBkK24SE4EItQeow8PHms/9GP0DSTi337vTAa/RY7tNg2Snz3INcXUj6CPZfvntQr1in9op9wLI+rfNsqA==",
      "dev": true,
      "license": "MIT",
      "peer": true,
      "dependencies": {
        "@deepseek-ai/dsh-brand": "^0.1.5-rc.2",
        "@deepseek-ai/dsh-timeout": "^0.1.5-rc.2",
        "@deepseek-ai/dsh-typert-protocol": "^0.1.5-rc.2",
        "@deepseek-ai/dsh-util-crypto": "^0.1.5-rc.2",
        "@deepseek-ai/dsh-util-values": "^0.1.5-rc.2",
        "@deepseek-ai/schemastery": "^3.18.2",
        "zod": "^4.4.3"
      },
      "peerDependencies": {
        "@deepseek-ai/cordis": "^4.0.2"
      }
    },
    "node_modules/@deepseek-ai/dsh-package-manifest": {
      "version": "0.1.5-rc.2",
      "resolved": "https://registry.npmjs.org/@deepseek-ai/dsh-package-manifest/-/dsh-package-manifest-0.1.5-rc.2.tgz",
      "integrity": "sha512-PTieT+tXdV8TNK718JZCd9dpVZR52UMYu5i1nXPDPBpoq1fTP7lLSlgHvDEs6SpoJtdFPGNTe8+7KjELyUDDvw==",
      "dev": true,
      "license": "MIT",
      "peerDependencies": {
        "@deepseek-ai/cordis": "^4.0.2"
      }
    },
    "node_modules/@deepseek-ai/dsh-scope": {
      "version": "0.1.5-rc.2",
      "resolved": "https://registry.npmjs.org/@deepseek-ai/dsh-scope/-/dsh-scope-0.1.5-rc.2.tgz",
      "integrity": "sha512-JwItISje52iVIjlGMNayRVMZrvZU/0i3Gr0s+coND5nBp5lS+pOj9Zf1RQzA5cWjHYCWKmDuQc+m6zGlwmtAeQ==",
      "dev": true,
      "license": "MIT",
      "peer": true,
      "peerDependencies": {
        "@deepseek-ai/cordis": "^4.0.2",
        "@deepseek-ai/dsh-invariants": "^0.1.5-rc.2"
      }
    },
    "node_modules/@deepseek-ai/dsh-session": {
      "version": "0.1.5-rc.2",
      "resolved": "https://registry.npmjs.org/@deepseek-ai/dsh-session/-/dsh-session-0.1.5-rc.2.tgz",
      "integrity": "sha512-y+klWiGAWR4m4cc4ylurA0cW63673B4N8cr2ANMimweDZAfxL4XVBC7WiD/5DT2DtIhYmVZhz/niyS/WbniUTA==",
      "dev": true,
      "license": "MIT",
      "dependencies": {
        "@deepseek-ai/dsh-brand": "^0.1.5-rc.2",
        "@deepseek-ai/dsh-llm": "^0.1.5-rc.2",
        "@deepseek-ai/dsh-util-values": "^0.1.5-rc.2"
      },
      "peerDependencies": {
        "@deepseek-ai/cordis": "^4.0.2",
        "@deepseek-ai/dsh-scope": "^0.1.5-rc.2"
      }
    },
    "node_modules/@deepseek-ai/dsh-system-prompt": {
      "version": "0.1.5-rc.2",
      "resolved": "https://registry.npmjs.org/@deepseek-ai/dsh-system-prompt/-/dsh-system-prompt-0.1.5-rc.2.tgz",
      "integrity": "sha512-VtmZVKqBMJ7kzskHu0jY+Jth7jSuKMG8QB3MBPzJe9M0LL4YPMWsGKt9gGky9RXolk/ugAy4YZEv1gUqouVofA==",
      "dev": true,
      "license": "MIT",
      "peer": true,
      "dependencies": {
        "@deepseek-ai/schemastery": "^3.18.2"
      },
      "peerDependencies": {
        "@deepseek-ai/cordis": "^4.0.2",
        "@deepseek-ai/dsh-invariants": "^0.1.5-rc.2",
        "@deepseek-ai/dsh-llm": "^0.1.5-rc.2",
        "@deepseek-ai/dsh-scope": "^0.1.5-rc.2"
      }
    },
    "node_modules/@deepseek-ai/dsh-timeout": {
      "version": "0.1.5-rc.2",
      "resolved": "https://registry.npmjs.org/@deepseek-ai/dsh-timeout/-/dsh-timeout-0.1.5-rc.2.tgz",
      "integrity": "sha512-FgfaAw8Zt5X4Y6Ljh833B8Hy7h96FeR+yjNKI3iSyZSqREqOBgvDGXFfQlSu6V3Buvw/cbI/CJUQJvfRBKXOiA==",
      "dev": true,
      "license": "MIT",
      "peerDependencies": {
        "@deepseek-ai/cordis": "^4.0.2"
      }
    },
    "node_modules/@deepseek-ai/dsh-typert-generator": {
      "version": "0.1.5-rc.2",
      "resolved": "https://registry.npmjs.org/@deepseek-ai/dsh-typert-generator/-/dsh-typert-generator-0.1.5-rc.2.tgz",
      "integrity": "sha512-II4+JIRwODl9WiD2QgKpKPJ9vc9K1y0ZaDzrAf3Vuqp1hPHF0qVXgFHh7HwvSZuv+Ja5mmrRy2LQBzXhosinQQ==",
      "dev": true,
      "license": "MIT",
      "dependencies": {
        "@jridgewell/gen-mapping": "^0.3.13",
        "typescript": "^6.0.3"
      },
      "peerDependencies": {
        "@deepseek-ai/cordis": "^4.0.2"
      }
    },
    "node_modules/@deepseek-ai/dsh-typert-protocol": {
      "version": "0.1.5-rc.2",
      "resolved": "https://registry.npmjs.org/@deepseek-ai/dsh-typert-protocol/-/dsh-typert-protocol-0.1.5-rc.2.tgz",
      "integrity": "sha512-zP8J20rBXa1AFjKL2i83JBeQcePZx8yal3pNojj4t7CCokMcoFMUbr50woa6fY1tRJ7qHxgypO3rH8Q6YWgmiA==",
      "dev": true,
      "license": "MIT",
      "peerDependencies": {
        "@deepseek-ai/cordis": "^4.0.2"
      }
    },
    "node_modules/@deepseek-ai/dsh-util-crypto": {
      "version": "0.1.5-rc.2",
      "resolved": "https://registry.npmjs.org/@deepseek-ai/dsh-util-crypto/-/dsh-util-crypto-0.1.5-rc.2.tgz",
      "integrity": "sha512-JR0aJEUL35RE8FVT89wMZMbPwMrbkjNcy+gE9pq70d/m2Zxw3a0iNer+BAxPAKYPbmy0xDDXReTwXiecKVy4sQ==",
      "dev": true,
      "license": "MIT",
      "peerDependencies": {
        "@deepseek-ai/cordis": "^4.0.2"
      }
    },
    "node_modules/@deepseek-ai/dsh-util-values": {
      "version": "0.1.5-rc.2",
      "resolved": "https://registry.npmjs.org/@deepseek-ai/dsh-util-values/-/dsh-util-values-0.1.5-rc.2.tgz",
      "integrity": "sha512-Cr0TkM6dFAD+Iy4sNXH/afJVMHwJXoOztivj+RflkYoACsOq+Ix0vdHn36hwW7mayU8OK3ZKIZUQ6BPo1fHvUg==",
      "dev": true,
      "license": "MIT",
      "peerDependencies": {
        "@deepseek-ai/cordis": "^4.0.2"
      }
    },
    "node_modules/@deepseek-ai/schemastery": {
      "version": "3.18.2",
      "resolved": "https://registry.npmjs.org/@deepseek-ai/schemastery/-/schemastery-3.18.2.tgz",
      "integrity": "sha512-njDtZsznjYxok7KLLlHOPyuv2efdWVbSflAHgztSfbMsg+CVraEoRe2DjOCgClYv3ZCSm7WXoaUkbB/+RY7tWQ==",
      "dev": true,
      "license": "MIT",
      "dependencies": {
        "@deepseek-ai/cosmokit": "^1.8.3",
        "@standard-schema/spec": "^1.1.0"
      }
    },
    "node_modules/@jridgewell/gen-mapping": {
      "version": "0.3.13",
      "resolved": "https://registry.npmjs.org/@jridgewell/gen-mapping/-/gen-mapping-0.3.13.tgz",
      "integrity": "sha512-2kkt/7niJ6MgEPxF0bYdQ6etZaA+fQvDcLKckhy1yIQOzaoKjBBjSj63/aLVjYE3qhRt5dvM+uUyfCg6UKCBbA==",
      "dev": true,
      "license": "MIT",
      "dependencies": {
        "@jridgewell/sourcemap-codec": "^1.5.0",
        "@jridgewell/trace-mapping": "^0.3.24"
      }
    },
    "node_modules/@jridgewell/resolve-uri": {
      "version": "3.1.2",
      "resolved": "https://registry.npmjs.org/@jridgewell/resolve-uri/-/resolve-uri-3.1.2.tgz",
      "integrity": "sha512-bRISgCIjP20/tbWSPWMEi54QVPRZExkuD9lJL+UIxUKtwVJA8wW1Trb1jMs1RFXo1CBTNZ/5hpC9QvmKWdopKw==",
      "dev": true,
      "license": "MIT",
      "engines": {
        "node": ">=6.0.0"
      }
    },
    "node_modules/@jridgewell/sourcemap-codec": {
      "version": "1.6.0",
      "resolved": "https://registry.npmjs.org/@jridgewell/sourcemap-codec/-/sourcemap-codec-1.6.0.tgz",
      "integrity": "sha512-T7jf+5zgsZHwNJ4lvQ7/aezbyk0nNX+zJVWpmHA7VYsEx7a7qr5Rg5IbtJFqkgze5Y2sruq1RUY8Q837Od7iFw==",
      "dev": true,
      "license": "MIT"
    },
    "node_modules/@jridgewell/trace-mapping": {
      "version": "0.3.31",
      "resolved": "https://registry.npmjs.org/@jridgewell/trace-mapping/-/trace-mapping-0.3.31.tgz",
      "integrity": "sha512-zzNR+SdQSDJzc8joaeP8QQoCQr8NuYx2dIIytl1QeBEZHJ9uW6hebsrYgbz8hJwUQao3TWCMtmfV8Nu1twOLAw==",
      "dev": true,
      "license": "MIT",
      "dependencies": {
        "@jridgewell/resolve-uri": "^3.1.0",
        "@jridgewell/sourcemap-codec": "^1.4.14"
      }
    },
    "node_modules/@standard-schema/spec": {
      "version": "1.1.0",
      "resolved": "https://registry.npmjs.org/@standard-schema/spec/-/spec-1.1.0.tgz",
      "integrity": "sha512-l2aFy5jALhniG5HgqrD6jXLi/rUWrKvqN/qJx6yoJsgKhblVd+iqqU4RCXavm/jPityDo5TCvKMnpjKnOriy0w==",
      "dev": true,
      "license": "MIT"
    },
    "node_modules/argparse": {
      "version": "2.0.1",
      "resolved": "https://registry.npmjs.org/argparse/-/argparse-2.0.1.tgz",
      "integrity": "sha512-8+9WqebbFzpX9OR+Wa6O29asIogeRMzcGtAINdpMHHyAg10f05aSFVBbcEqGf/PXw1EjAZ+q2/bEBg3DvurK3Q==",
      "dev": true,
      "license": "Python-2.0"
    },
    "node_modules/bytes": {
      "version": "3.1.2",
      "resolved": "https://registry.npmjs.org/bytes/-/bytes-3.1.2.tgz",
      "integrity": "sha512-/Nf7TyzTx6S3yRJObOAV7956r8cr2+Oj8AC5dt8wSP3BQAoeX58NoHyCU8P8zGkNXStjTSi6fzO6F0pBdcYbEg==",
      "dev": true,
      "license": "MIT",
      "engines": {
        "node": ">= 0.8"
      }
    },
    "node_modules/compressible": {
      "version": "2.0.18",
      "resolved": "https://registry.npmjs.org/compressible/-/compressible-2.0.18.tgz",
      "integrity": "sha512-AF3r7P5dWxL8MxyITRMlORQNaOA2IkAFaTr4k7BUumjPtRpGDTZpl0Pb1XCO6JeDCBdp126Cgs9sMxqSjgYyRg==",
      "dev": true,
      "license": "MIT",
      "dependencies": {
        "mime-db": ">= 1.43.0 < 2"
      },
      "engines": {
        "node": ">= 0.6"
      }
    },
    "node_modules/compression": {
      "version": "1.8.2",
      "resolved": "https://registry.npmjs.org/compression/-/compression-1.8.2.tgz",
      "integrity": "sha512-o8vI5RE5A6EVVOd9o41jKp41aJom+QTEO/Bx8MYNjexMo/Bv2WOjUfZr+aL0WnYSgymUy6zeguqLTsIhV0gMvQ==",
      "dev": true,
      "license": "MIT",
      "dependencies": {
        "bytes": "3.1.2",
        "compressible": "~2.0.18",
        "debug": "2.6.9",
        "destroy": "1.2.0",
        "negotiator": "~0.6.4",
        "on-headers": "~1.1.0",
        "safe-buffer": "5.2.1",
        "vary": "~1.1.2"
      },
      "engines": {
        "node": ">= 0.8.0"
      },
      "funding": {
        "type": "opencollective",
        "url": "https://opencollective.com/express"
      }
    },
    "node_modules/compression/node_modules/negotiator": {
      "version": "0.6.4",
      "resolved": "https://registry.npmjs.org/negotiator/-/negotiator-0.6.4.tgz",
      "integrity": "sha512-myRT3DiWPHqho5PrJaIRyaMv2kgYf0mUVgBNOYMuCH5Ki1yEiQaf/ZJuQ62nvpc44wL5WDbTX7yGJi1Neevw8w==",
      "dev": true,
      "license": "MIT",
      "engines": {
        "node": ">= 0.6"
      }
    },
    "node_modules/content-type": {
      "version": "2.1.0",
      "resolved": "https://registry.npmjs.org/content-type/-/content-type-2.1.0.tgz",
      "integrity": "sha512-mj7UPXE0jaqaOsukNZRUEfEi2AcL7C/vwmwcHV0O97eO1E1pxBZuyjlZrx5seTaNBg1U6+o35wpa35Qfcc+7ag==",
      "dev": true,
      "license": "MIT",
      "engines": {
        "node": ">=18"
      },
      "funding": {
        "type": "opencollective",
        "url": "https://opencollective.com/express"
      }
    },
    "node_modules/debug": {
      "version": "2.6.9",
      "resolved": "https://registry.npmjs.org/debug/-/debug-2.6.9.tgz",
      "integrity": "sha512-bC7ElrdJaJnPbAP+1EotYvqZsb3ecl5wi6Bfi6BJTUcNowp6cvspg0jXznRTKDjm/E7AdgFBVeAPVMNcKGsHMA==",
      "dev": true,
      "license": "MIT",
      "dependencies": {
        "ms": "2.0.0"
      }
    },
    "node_modules/destroy": {
      "version": "1.2.0",
      "resolved": "https://registry.npmjs.org/destroy/-/destroy-1.2.0.tgz",
      "integrity": "sha512-2sJGJTaXIIaR1w4iJSNoN0hnMY7Gpc/n8D4qSCJw8QqFWXf7cuAgnEHxBpweaVcPevC2l3KpjYCx3NypQQgaJg==",
      "dev": true,
      "license": "MIT",
      "engines": {
        "node": ">= 0.8",
        "npm": "1.2.8000 || >= 1.4.16"
      }
    },
    "node_modules/js-yaml": {
      "version": "4.3.2",
      "resolved": "https://registry.npmjs.org/js-yaml/-/js-yaml-4.3.2.tgz",
      "integrity": "sha512-SFNOvSJ+Dgf/9An904Yx+CgSlIPCkIpao4qo51lpee25TIRejdH3rhR4EZMGoNx3/TP3O+wzWuiTFl4sqbltzA==",
      "dev": true,
      "funding": [
        {
          "type": "github",
          "url": "https://github.com/sponsors/puzrin"
        },
        {
          "type": "github",
          "url": "https://github.com/sponsors/nodeca"
        }
      ],
      "license": "MIT",
      "dependencies": {
        "argparse": "^2.0.1"
      },
      "bin": {
        "js-yaml": "bin/js-yaml.js"
      }
    },
    "node_modules/mime-db": {
      "version": "1.54.0",
      "resolved": "https://registry.npmjs.org/mime-db/-/mime-db-1.54.0.tgz",
      "integrity": "sha512-aU5EJuIN2WDemCcAp2vFBfp/m4EAhWJnUNSSw0ixs7/kXbd6Pg64EmwJkNdFhB8aWt1sH2CTXrLxo/iAGV3oPQ==",
      "dev": true,
      "license": "MIT",
      "engines": {
        "node": ">= 0.6"
      }
    },
    "node_modules/ms": {
      "version": "2.0.0",
      "resolved": "https://registry.npmjs.org/ms/-/ms-2.0.0.tgz",
      "integrity": "sha512-Tpp60P6IUJDTuOq/5Z8cdskzJujfwqfOTkrwIwj7IRISpnkJnT6SyJ4PCPnGMoFjC9ddhal5KVIYtAt97ix05A==",
      "dev": true,
      "license": "MIT"
    },
    "node_modules/negotiator": {
      "version": "1.1.0",
      "resolved": "https://registry.npmjs.org/negotiator/-/negotiator-1.1.0.tgz",
      "integrity": "sha512-NMPBRMJgiQHjbd8phG3Vebdx4kZ1H121rbl5IkMqeOsahptB9BKo/d7oJ3zTXqTgagn2bWlNSXkh0QUGM31RYg==",
      "dev": true,
      "license": "MIT",
      "dependencies": {
        "content-type": "^2.1.0"
      },
      "engines": {
        "node": ">=18"
      },
      "funding": {
        "type": "opencollective",
        "url": "https://opencollective.com/express"
      }
    },
    "node_modules/on-headers": {
      "version": "1.1.0",
      "resolved": "https://registry.npmjs.org/on-headers/-/on-headers-1.1.0.tgz",
      "integrity": "sha512-737ZY3yNnXy37FHkQxPzt4UZ2UWPWiCZWLvFZ4fu5cueciegX0zGPnrlY6bwRg4FdQOe9YU8MkmJwGhoMybl8A==",
      "dev": true,
      "license": "MIT",
      "engines": {
        "node": ">= 0.8"
      }
    },
    "node_modules/resolve.exports": {
      "version": "2.0.3",
      "resolved": "https://registry.npmjs.org/resolve.exports/-/resolve.exports-2.0.3.tgz",
      "integrity": "sha512-OcXjMsGdhL4XnbShKpAcSqPMzQoYkYyhbEaeSko47MjRP9NfEQMhZkXL1DoFlt9LWQn4YttrdnV6X2OiyzBi+A==",
      "dev": true,
      "license": "MIT",
      "engines": {
        "node": ">=10"
      }
    },
    "node_modules/safe-buffer": {
      "version": "5.2.1",
      "resolved": "https://registry.npmjs.org/safe-buffer/-/safe-buffer-5.2.1.tgz",
      "integrity": "sha512-rp3So07KcdmmKbGvgaNxQSJr7bGVSVk5S9Eq1F+ppbRo70+YeaDxkw5Dd8NPN+GD6bjnYm2VuPuCXmpuYvmCXQ==",
      "dev": true,
      "funding": [
        {
          "type": "github",
          "url": "https://github.com/sponsors/feross"
        },
        {
          "type": "patreon",
          "url": "https://www.patreon.com/feross"
        },
        {
          "type": "consulting",
          "url": "https://feross.org/support"
        }
      ],
      "license": "MIT"
    },
    "node_modules/typescript": {
      "version": "6.0.3",
      "resolved": "https://registry.npmjs.org/typescript/-/typescript-6.0.3.tgz",
      "integrity": "sha512-y2TvuxSZPDyQakkFRPZHKFm+KKVqIisdg9/CZwm9ftvKXLP8NRWj38/ODjNbr43SsoXqNuAisEf1GdCxqWcdBw==",
      "dev": true,
      "license": "Apache-2.0",
      "bin": {
        "tsc": "bin/tsc",
        "tsserver": "bin/tsserver"
      },
      "engines": {
        "node": ">=14.17"
      }
    },
    "node_modules/vary": {
      "version": "1.1.2",
      "resolved": "https://registry.npmjs.org/vary/-/vary-1.1.2.tgz",
      "integrity": "sha512-BNGbWLfd0eUPabhkXUVm0j8uuvREyTh5ovRa/dyow/BqAbZJyC+5fU+IzQOzmAKzYqYRAISoRhdQr3eIZ/PXqg==",
      "dev": true,
      "license": "MIT",
      "engines": {
        "node": ">= 0.8"
      }
    },
    "node_modules/zod": {
      "version": "4.6.2",
      "resolved": "https://registry.npmjs.org/zod/-/zod-4.6.2.tgz",
      "integrity": "sha512-lh5RCAGFa1Cm2hjtNwLQhSs/AsqdWnTQaBER9fEwN/88pSh7KOtJavtBx/0VlkN/uFd61SwYmljLMDAsHlvzBQ==",
      "dev": true,
      "license": "MIT",
      "funding": {
        "url": "https://github.com/sponsors/colinhacks"
      }
    }
  }
}
